
Microsoft Visual Studio Solution File, Format Version 12.00
# Visual Studio Version 16
VisualStudioVersion = 16.0.30611.23
MinimumVisualStudioVersion = 10.0.40219.1
Project("{FAE04EC0-301F-11D3-BF4B-00C04F79EFBC}") = "EjercicioWeb3", "EjercicioWeb3\EjercicioWeb3.csproj", "{98C8A076-C8C5-4D2C-9704-D07A3DD105CC}"
EndProject
Global
	GlobalSection(SolutionConfigurationPlatforms) = preSolution
		Debug|Any CPU = Debug|Any CPU
		Release|Any CPU = Release|Any CPU
	EndGlobalSection
	GlobalSection(ProjectConfigurationPlatforms) = postSolution
		{98C8A076-C8C5-4D2C-9704-D07A3DD105CC}.Debug|Any CPU.ActiveCfg = Debug|Any CPU
		{98C8A076-C8C5-4D2C-9704-D07A3DD105CC}.Debug|Any CPU.Build.0 = Debug|Any CPU
		{98C8A076-C8C5-4D2C-9704-D07A3DD105CC}.Release|Any CPU.ActiveCfg = Release|Any CPU
		{98C8A076-C8C5-4D2C-9704-D07A3DD105CC}.Release|Any CPU.Build.0 = Release|Any CPU
	EndGlobalSection
	GlobalSection(SolutionProperties) = preSolution
		HideSolutionNode = FALSE
	EndGlobalSection
	GlobalSection(ExtensibilityGlobals) = postSolution
		SolutionGuid = {5DBC7B28-9F01-43AA-B30C-21C9233C6661}
	EndGlobalSection
EndGlobal
